// !$*UTF8*$!
{
	archiveVersion = 1;
	classes = {
	};
	objectVersion = 46;
	objects = {

/* Begin PBXBuildFile section */
		26E226CDF4979808A44DEBE2 /* Pods_PokemonQuizEmAll.framework in Frameworks */ = {isa = PBXBuildFile; fileRef = 4E4472D8C61BDAD3811FA58D /* Pods_PokemonQuizEmAll.framework */; };
		995976B61D3CA16800E98204 /* AppDelegate.swift in Sources */ = {isa = PBXBuildFile; fileRef = 995976B51D3CA16800E98204 /* AppDelegate.swift */; };
		995976B81D3CA16800E98204 /* ViewController.swift in Sources */ = {isa = PBXBuildFile; fileRef = 995976B71D3CA16800E98204 /* ViewController.swift */; };
		995976BB1D3CA16800E98204 /* Main.storyboard in Resources */ = {isa = PBXBuildFile; fileRef = 995976B91D3CA16800E98204 /* Main.storyboard */; };
		995976BD1D3CA16800E98204 /* Assets.xcassets in Resources */ = {isa = PBXBuildFile; fileRef = 995976BC1D3CA16800E98204 /* Assets.xcassets */; };
		995976C01D3CA16800E98204 /* LaunchScreen.storyboard in Resources */ = {isa = PBXBuildFile; fileRef = 995976BE1D3CA16800E98204 /* LaunchScreen.storyboard */; };
		995976CE1D3CC6FE00E98204 /* Pokemon.swift in Sources */ = {isa = PBXBuildFile; fileRef = 995976CD1D3CC6FE00E98204 /* Pokemon.swift */; };
		E8394A941D3D16920094F4FC /* UIColorExtension.swift in Sources */ = {isa = PBXBuildFile; fileRef = E8394A821D3D16920094F4FC /* UIColorExtension.swift */; };
		E8394A951D3D16920094F4FC /* text.txt in Resources */ = {isa = PBXBuildFile; fileRef = E8394A831D3D16920094F4FC /* text.txt */; };
		E8394A961D3D16920094F4FC /* SwitchCell.xib in Resources */ = {isa = PBXBuildFile; fileRef = E8394A841D3D16920094F4FC /* SwitchCell.xib */; };
		E8394A971D3D16920094F4FC /* SwitchCell.swift in Sources */ = {isa = PBXBuildFile; fileRef = E8394A851D3D16920094F4FC /* SwitchCell.swift */; };
		E8394A981D3D16920094F4FC /* SettingsViewController.swift in Sources */ = {isa = PBXBuildFile; fileRef = E8394A861D3D16920094F4FC /* SettingsViewController.swift */; };
		E8394A991D3D16920094F4FC /* Setting.swift in Sources */ = {isa = PBXBuildFile; fileRef = E8394A871D3D16920094F4FC /* Setting.swift */; };
		E8394A9A1D3D16920094F4FC /* PackCard.swift in Sources */ = {isa = PBXBuildFile; fileRef = E8394A881D3D16920094F4FC /* PackCard.swift */; };
		E8394A9B1D3D16920094F4FC /* ListPackViewController.swift in Sources */ = {isa = PBXBuildFile; fileRef = E8394A891D3D16920094F4FC /* ListPackViewController.swift */; };
		E8394A9C1D3D16920094F4FC /* FrontFlashCardViewModel.swift in Sources */ = {isa = PBXBuildFile; fileRef = E8394A8A1D3D16920094F4FC /* FrontFlashCardViewModel.swift */; };
		E8394A9D1D3D16920094F4FC /* FrontFlashCardView.xib in Resources */ = {isa = PBXBuildFile; fileRef = E8394A8B1D3D16920094F4FC /* FrontFlashCardView.xib */; };
		E8394A9E1D3D16920094F4FC /* FlashCardViewController.swift in Sources */ = {isa = PBXBuildFile; fileRef = E8394A8C1D3D16920094F4FC /* FlashCardViewController.swift */; };
		E8394A9F1D3D16920094F4FC /* DB.swift in Sources */ = {isa = PBXBuildFile; fileRef = E8394A8D1D3D16920094F4FC /* DB.swift */; };
		E8394AA01D3D16920094F4FC /* Constant.swift in Sources */ = {isa = PBXBuildFile; fileRef = E8394A8E1D3D16920094F4FC /* Constant.swift */; };
		E8394AA11D3D16920094F4FC /* clvPackCell.xib in Resources */ = {isa = PBXBuildFile; fileRef = E8394A8F1D3D16920094F4FC /* clvPackCell.xib */; };
		E8394AA21D3D16920094F4FC /* clvPackCell.swift in Sources */ = {isa = PBXBuildFile; fileRef = E8394A901D3D16920094F4FC /* clvPackCell.swift */; };
		E8394AA31D3D16920094F4FC /* Card.swift in Sources */ = {isa = PBXBuildFile; fileRef = E8394A911D3D16920094F4FC /* Card.swift */; };
		E8394AA41D3D16920094F4FC /* ButtonCell.xib in Resources */ = {isa = PBXBuildFile; fileRef = E8394A921D3D16920094F4FC /* ButtonCell.xib */; };
		E8394AA51D3D16920094F4FC /* ButtonCell.swift in Sources */ = {isa = PBXBuildFile; fileRef = E8394A931D3D16920094F4FC /* ButtonCell.swift */; };
		E8394AA71D3D19810094F4FC /* ColorGenarator.swift in Sources */ = {isa = PBXBuildFile; fileRef = E8394AA61D3D19810094F4FC /* ColorGenarator.swift */; };
		E8394AAA1D3D19F00094F4FC /* BackFlashCardView.xib in Resources */ = {isa = PBXBuildFile; fileRef = E8394AA81D3D19F00094F4FC /* BackFlashCardView.xib */; };
		E8394AAB1D3D19F00094F4FC /* BackFlashCardViewModel.swift in Sources */ = {isa = PBXBuildFile; fileRef = E8394AA91D3D19F00094F4FC /* BackFlashCardViewModel.swift */; };
		E8394AAD1D3D2DA90094F4FC /* PlayViewController.swift in Sources */ = {isa = PBXBuildFile; fileRef = E8394AAC1D3D2DA90094F4FC /* PlayViewController.swift */; };
		E8394AB01D3D3B020094F4FC /* PoplarStd.otf in Resources */ = {isa = PBXBuildFile; fileRef = E8394AAE1D3D3A220094F4FC /* PoplarStd.otf */; };
		E8394AB11D3D3B020094F4FC /* StencilStd.otf in Resources */ = {isa = PBXBuildFile; fileRef = E8394AAF1D3D3A220094F4FC /* StencilStd.otf */; };
/* End PBXBuildFile section */

/* Begin PBXFileReference section */
		4E4472D8C61BDAD3811FA58D /* Pods_PokemonQuizEmAll.framework */ = {isa = PBXFileReference; explicitFileType = wrapper.framework; includeInIndex = 0; path = Pods_PokemonQuizEmAll.framework; sourceTree = BUILT_PRODUCTS_DIR; };
		7D3054CE1283D06739E14123 /* Pods-PokemonQuizEmAll.release.xcconfig */ = {isa = PBXFileReference; includeInIndex = 1; lastKnownFileType = text.xcconfig; name = "Pods-PokemonQuizEmAll.release.xcconfig"; path = "Pods/Target Support Files/Pods-PokemonQuizEmAll/Pods-PokemonQuizEmAll.release.xcconfig"; sourceTree = "<group>"; };
		995976B21D3CA16800E98204 /* PokemonQuizEmAll.app */ = {isa = PBXFileReference; explicitFileType = wrapper.application; includeInIndex = 0; path = PokemonQuizEmAll.app; sourceTree = BUILT_PRODUCTS_DIR; };
		995976B51D3CA16800E98204 /* AppDelegate.swift */ = {isa = PBXFileReference; lastKnownFileType = sourcecode.swift; path = AppDelegate.swift; sourceTree = "<group>"; };
		995976B71D3CA16800E98204 /* ViewController.swift */ = {isa = PBXFileReference; lastKnownFileType = sourcecode.swift; path = ViewController.swift; sourceTree = "<group>"; };
		995976BA1D3CA16800E98204 /* Base */ = {isa = PBXFileReference; lastKnownFileType = file.storyboard; name = Base; path = Base.lproj/Main.storyboard; sourceTree = "<group>"; };
		995976BC1D3CA16800E98204 /* Assets.xcassets */ = {isa = PBXFileReference; lastKnownFileType = folder.assetcatalog; path = Assets.xcassets; sourceTree = "<group>"; };
		995976BF1D3CA16800E98204 /* Base */ = {isa = PBXFileReference; lastKnownFileType = file.storyboard; name = Base; path = Base.lproj/LaunchScreen.storyboard; sourceTree = "<group>"; };
		995976C11D3CA16800E98204 /* Info.plist */ = {isa = PBXFileReference; lastKnownFileType = text.plist.xml; path = Info.plist; sourceTree = "<group>"; };
		995976CD1D3CC6FE00E98204 /* Pokemon.swift */ = {isa = PBXFileReference; fileEncoding = 4; lastKnownFileType = sourcecode.swift; path = Pokemon.swift; sourceTree = "<group>"; };
		E8394A821D3D16920094F4FC /* UIColorExtension.swift */ = {isa = PBXFileReference; fileEncoding = 4; lastKnownFileType = sourcecode.swift; path = UIColorExtension.swift; sourceTree = "<group>"; };
		E8394A831D3D16920094F4FC /* text.txt */ = {isa = PBXFileReference; fileEncoding = 4; lastKnownFileType = text; path = text.txt; sourceTree = "<group>"; };
		E8394A841D3D16920094F4FC /* SwitchCell.xib */ = {isa = PBXFileReference; fileEncoding = 4; lastKnownFileType = file.xib; path = SwitchCell.xib; sourceTree = "<group>"; };
		E8394A851D3D16920094F4FC /* SwitchCell.swift */ = {isa = PBXFileReference; fileEncoding = 4; lastKnownFileType = sourcecode.swift; path = SwitchCell.swift; sourceTree = "<group>"; };
		E8394A861D3D16920094F4FC /* SettingsViewController.swift */ = {isa = PBXFileReference; fileEncoding = 4; lastKnownFileType = sourcecode.swift; path = SettingsViewController.swift; sourceTree = "<group>"; };
		E8394A871D3D16920094F4FC /* Setting.swift */ = {isa = PBXFileReference; fileEncoding = 4; lastKnownFileType = sourcecode.swift; path = Setting.swift; sourceTree = "<group>"; };
		E8394A881D3D16920094F4FC /* PackCard.swift */ = {isa = PBXFileReference; fileEncoding = 4; lastKnownFileType = sourcecode.swift; path = PackCard.swift; sourceTree = "<group>"; };
		E8394A891D3D16920094F4FC /* ListPackViewController.swift */ = {isa = PBXFileReference; fileEncoding = 4; lastKnownFileType = sourcecode.swift; path = ListPackViewController.swift; sourceTree = "<group>"; };
		E8394A8A1D3D16920094F4FC /* FrontFlashCardViewModel.swift */ = {isa = PBXFileReference; fileEncoding = 4; lastKnownFileType = sourcecode.swift; path = FrontFlashCardViewModel.swift; sourceTree = "<group>"; };
		E8394A8B1D3D16920094F4FC /* FrontFlashCardView.xib */ = {isa = PBXFileReference; fileEncoding = 4; lastKnownFileType = file.xib; path = FrontFlashCardView.xib; sourceTree = "<group>"; };
		E8394A8C1D3D16920094F4FC /* FlashCardViewController.swift */ = {isa = PBXFileReference; fileEncoding = 4; lastKnownFileType = sourcecode.swift; path = FlashCardViewController.swift; sourceTree = "<group>"; };
		E8394A8D1D3D16920094F4FC /* DB.swift */ = {isa = PBXFileReference; fileEncoding = 4; lastKnownFileType = sourcecode.swift; path = DB.swift; sourceTree = "<group>"; };
		E8394A8E1D3D16920094F4FC /* Constant.swift */ = {isa = PBXFileReference; fileEncoding = 4; lastKnownFileType = sourcecode.swift; path = Constant.swift; sourceTree = "<group>"; };
		E8394A8F1D3D16920094F4FC /* clvPackCell.xib */ = {isa = PBXFileReference; fileEncoding = 4; lastKnownFileType = file.xib; path = clvPackCell.xib; sourceTree = "<group>"; };
		E8394A901D3D16920094F4FC /* clvPackCell.swift */ = {isa = PBXFileReference; fileEncoding = 4; lastKnownFileType = sourcecode.swift; path = clvPackCell.swift; sourceTree = "<group>"; };
		E8394A911D3D16920094F4FC /* Card.swift */ = {isa = PBXFileReference; fileEncoding = 4; lastKnownFileType = sourcecode.swift; path = Card.swift; sourceTree = "<group>"; };
		E8394A921D3D16920094F4FC /* ButtonCell.xib */ = {isa = PBXFileReference; fileEncoding = 4; lastKnownFileType = file.xib; path = ButtonCell.xib; sourceTree = "<group>"; };
		E8394A931D3D16920094F4FC /* ButtonCell.swift */ = {isa = PBXFileReference; fileEncoding = 4; lastKnownFileType = sourcecode.swift; path = ButtonCell.swift; sourceTree = "<group>"; };
		E8394AA61D3D19810094F4FC /* ColorGenarator.swift */ = {isa = PBXFileReference; fileEncoding = 4; lastKnownFileType = sourcecode.swift; path = ColorGenarator.swift; sourceTree = "<group>"; };
		E8394AA81D3D19F00094F4FC /* BackFlashCardView.xib */ = {isa = PBXFileReference; fileEncoding = 4; lastKnownFileType = file.xib; path = BackFlashCardView.xib; sourceTree = "<group>"; };
		E8394AA91D3D19F00094F4FC /* BackFlashCardViewModel.swift */ = {isa = PBXFileReference; fileEncoding = 4; lastKnownFileType = sourcecode.swift; path = BackFlashCardViewModel.swift; sourceTree = "<group>"; };
		E8394AAC1D3D2DA90094F4FC /* PlayViewController.swift */ = {isa = PBXFileReference; fileEncoding = 4; lastKnownFileType = sourcecode.swift; path = PlayViewController.swift; sourceTree = "<group>"; };
		E8394AAE1D3D3A220094F4FC /* PoplarStd.otf */ = {isa = PBXFileReference; lastKnownFileType = file; path = PoplarStd.otf; sourceTree = "<group>"; };
		E8394AAF1D3D3A220094F4FC /* StencilStd.otf */ = {isa = PBXFileReference; lastKnownFileType = file; path = StencilStd.otf; sourceTree = "<group>"; };
		E85027D45EA22F49D462B4A3 /* Pods-PokemonQuizEmAll.debug.xcconfig */ = {isa = PBXFileReference; includeInIndex = 1; lastKnownFileType = text.xcconfig; name = "Pods-PokemonQuizEmAll.debug.xcconfig"; path = "Pods/Target Support Files/Pods-PokemonQuizEmAll/Pods-PokemonQuizEmAll.debug.xcconfig"; sourceTree = "<group>"; };
/* End PBXFileReference section */

/* Begin PBXFrameworksBuildPhase section */
		995976AF1D3CA16800E98204 /* Frameworks */ = {
			isa = PBXFrameworksBuildPhase;
			buildActionMask = 2147483647;
			files = (
				26E226CDF4979808A44DEBE2 /* Pods_PokemonQuizEmAll.framework in Frameworks */,
			);
			runOnlyForDeploymentPostprocessing = 0;
		};
/* End PBXFrameworksBuildPhase section */

/* Begin PBXGroup section */
		82E17EF3852C7A920A56690F /* Pods */ = {
			isa = PBXGroup;
			children = (
				E85027D45EA22F49D462B4A3 /* Pods-PokemonQuizEmAll.debug.xcconfig */,
				7D3054CE1283D06739E14123 /* Pods-PokemonQuizEmAll.release.xcconfig */,
			);
			name = Pods;
			sourceTree = "<group>";
		};
		995976A91D3CA16800E98204 = {
			isa = PBXGroup;
			children = (
				995976B41D3CA16800E98204 /* PokemonQuizEmAll */,
				995976B31D3CA16800E98204 /* Products */,
				82E17EF3852C7A920A56690F /* Pods */,
				C9D50FAE29A6FDEFCC4EABBA /* Frameworks */,
			);
			sourceTree = "<group>";
		};
		995976B31D3CA16800E98204 /* Products */ = {
			isa = PBXGroup;
			children = (
				995976B21D3CA16800E98204 /* PokemonQuizEmAll.app */,
			);
			name = Products;
			sourceTree = "<group>";
		};
		995976B41D3CA16800E98204 /* PokemonQuizEmAll */ = {
			isa = PBXGroup;
			children = (
				995976B51D3CA16800E98204 /* AppDelegate.swift */,
				E8394A8E1D3D16920094F4FC /* Constant.swift */,
				E8394AAE1D3D3A220094F4FC /* PoplarStd.otf */,
				E8394AAF1D3D3A220094F4FC /* StencilStd.otf */,
				995976CA1D3CB82100E98204 /* Libs */,
				995976C91D3CB81400E98204 /* Model */,
				995976C81D3CB80E00E98204 /* View */,
				995976C71D3CB7F900E98204 /* Controller */,
				E8394A831D3D16920094F4FC /* text.txt */,
				995976B71D3CA16800E98204 /* ViewController.swift */,
				995976C11D3CA16800E98204 /* Info.plist */,
			);
			path = PokemonQuizEmAll;
			sourceTree = "<group>";
		};
		995976C71D3CB7F900E98204 /* Controller */ = {
			isa = PBXGroup;
			children = (
				E8394A861D3D16920094F4FC /* SettingsViewController.swift */,
				E8394A891D3D16920094F4FC /* ListPackViewController.swift */,
				E8394A8C1D3D16920094F4FC /* FlashCardViewController.swift */,
				E8394AAC1D3D2DA90094F4FC /* PlayViewController.swift */,
			);
			name = Controller;
			sourceTree = "<group>";
		};
		995976C81D3CB80E00E98204 /* View */ = {
			isa = PBXGroup;
			children = (
				995976BC1D3CA16800E98204 /* Assets.xcassets */,
				995976B91D3CA16800E98204 /* Main.storyboard */,
				995976BE1D3CA16800E98204 /* LaunchScreen.storyboard */,
				E8394A921D3D16920094F4FC /* ButtonCell.xib */,
				E8394A931D3D16920094F4FC /* ButtonCell.swift */,
				E8394A841D3D16920094F4FC /* SwitchCell.xib */,
				E8394A851D3D16920094F4FC /* SwitchCell.swift */,
				E8394A8F1D3D16920094F4FC /* clvPackCell.xib */,
				E8394A901D3D16920094F4FC /* clvPackCell.swift */,
				E8394AA81D3D19F00094F4FC /* BackFlashCardView.xib */,
				E8394AA91D3D19F00094F4FC /* BackFlashCardViewModel.swift */,
				E8394A8B1D3D16920094F4FC /* FrontFlashCardView.xib */,
				E8394A8A1D3D16920094F4FC /* FrontFlashCardViewModel.swift */,
			);
			name = View;
			sourceTree = "<group>";
		};
		995976C91D3CB81400E98204 /* Model */ = {
			isa = PBXGroup;
			children = (
				E8394A871D3D16920094F4FC /* Setting.swift */,
				E8394A881D3D16920094F4FC /* PackCard.swift */,
				E8394A911D3D16920094F4FC /* Card.swift */,
				995976CD1D3CC6FE00E98204 /* Pokemon.swift */,
				E8394A8D1D3D16920094F4FC /* DB.swift */,
			);
			name = Model;
			sourceTree = "<group>";
		};
		995976CA1D3CB82100E98204 /* Libs */ = {
			isa = PBXGroup;
			children = (
				995976CB1D3CB82900E98204 /* Apple */,
				995976CC1D3CB83000E98204 /* Vendor */,
			);
			name = Libs;
			sourceTree = "<group>";
		};
		995976CB1D3CB82900E98204 /* Apple */ = {
			isa = PBXGroup;
			children = (
				E8394A821D3D16920094F4FC /* UIColorExtension.swift */,
			);
			name = Apple;
			sourceTree = "<group>";
		};
		995976CC1D3CB83000E98204 /* Vendor */ = {
			isa = PBXGroup;
			children = (
				E8394AA61D3D19810094F4FC /* ColorGenarator.swift */,
			);
			name = Vendor;
			sourceTree = "<group>";
		};
		C9D50FAE29A6FDEFCC4EABBA /* Frameworks */ = {
			isa = PBXGroup;
			children = (
				4E4472D8C61BDAD3811FA58D /* Pods_PokemonQuizEmAll.framework */,
			);
			name = Frameworks;
			sourceTree = "<group>";
		};
/* End PBXGroup section */

/* Begin PBXNativeTarget section */
		995976B11D3CA16800E98204 /* PokemonQuizEmAll */ = {
			isa = PBXNativeTarget;
			buildConfigurationList = 995976C41D3CA16800E98204 /* Build configuration list for PBXNativeTarget "PokemonQuizEmAll" */;
			buildPhases = (
				B02AC8C49395995EAE4B6E54 /* [CP] Check Pods Manifest.lock */,
				995976AE1D3CA16800E98204 /* Sources */,
				995976AF1D3CA16800E98204 /* Frameworks */,
				995976B01D3CA16800E98204 /* Resources */,
				DA49C06341B595D887C81636 /* [CP] Embed Pods Frameworks */,
				1BF29A45DB07FD1647B2148B /* [CP] Copy Pods Resources */,
			);
			buildRules = (
			);
			dependencies = (
			);
			name = PokemonQuizEmAll;
			productName = PokemonQuizEmAll;
			productReference = 995976B21D3CA16800E98204 /* PokemonQuizEmAll.app */;
			productType = "com.apple.product-type.application";
		};
/* End PBXNativeTarget section */

/* Begin PBXProject section */
		995976AA1D3CA16800E98204 /* Project object */ = {
			isa = PBXProject;
			attributes = {
				LastSwiftUpdateCheck = 0730;
				LastUpgradeCheck = 0730;
				ORGANIZATIONNAME = vu;
				TargetAttributes = {
					995976B11D3CA16800E98204 = {
						CreatedOnToolsVersion = 7.3.1;
						DevelopmentTeam = 56YJ3N6KSG;
					};
				};
			};
			buildConfigurationList = 995976AD1D3CA16800E98204 /* Build configuration list for PBXProject "PokemonQuizEmAll" */;
			compatibilityVersion = "Xcode 3.2";
			developmentRegion = English;
			hasScannedForEncodings = 0;
			knownRegions = (
				en,
				Base,
			);
			mainGroup = 995976A91D3CA16800E98204;
			productRefGroup = 995976B31D3CA16800E98204 /* Products */;
			projectDirPath = "";
			projectRoot = "";
			targets = (
				995976B11D3CA16800E98204 /* PokemonQuizEmAll */,
			);
		};
/* End PBXProject section */

/* Begin PBXResourcesBuildPhase section */
		995976B01D3CA16800E98204 /* Resources */ = {
			isa = PBXResourcesBuildPhase;
			buildActionMask = 2147483647;
			files = (
				E8394AB01D3D3B020094F4FC /* PoplarStd.otf in Resources */,
				E8394AB11D3D3B020094F4FC /* StencilStd.otf in Resources */,
				995976C01D3CA16800E98204 /* LaunchScreen.storyboard in Resources */,
				E8394A9D1D3D16920094F4FC /* FrontFlashCardView.xib in Resources */,
				E8394AAA1D3D19F00094F4FC /* BackFlashCardView.xib in Resources */,
				995976BD1D3CA16800E98204 /* Assets.xcassets in Resources */,
				E8394AA41D3D16920094F4FC /* ButtonCell.xib in Resources */,
				E8394AA11D3D16920094F4FC /* clvPackCell.xib in Resources */,
				995976BB1D3CA16800E98204 /* Main.storyboard in Resources */,
				E8394A951D3D16920094F4FC /* text.txt in Resources */,
				E8394A961D3D16920094F4FC /* SwitchCell.xib in Resources */,
			);
			runOnlyForDeploymentPostprocessing = 0;
		};
/* End PBXResourcesBuildPhase section */

/* Begin PBXShellScriptBuildPhase section */
		1BF29A45DB07FD1647B2148B /* [CP] Copy Pods Resources */ = {
			isa = PBXShellScriptBuildPhase;
			buildActionMask = 2147483647;
			files = (
			);
			inputPaths = (
			);
			name = "[CP] Copy Pods Resources";
			outputPaths = (
			);
			runOnlyForDeploymentPostprocessing = 0;
			shellPath = /bin/sh;
			shellScript = "\"${SRCROOT}/Pods/Target Support Files/Pods-PokemonQuizEmAll/Pods-PokemonQuizEmAll-resources.sh\"\n";
			showEnvVarsInLog = 0;
		};
		B02AC8C49395995EAE4B6E54 /* [CP] Check Pods Manifest.lock */ = {
			isa = PBXShellScriptBuildPhase;
			buildActionMask = 2147483647;
			files = (
			);
			inputPaths = (
			);
			name = "[CP] Check Pods Manifest.lock";
			outputPaths = (
			);
			runOnlyForDeploymentPostprocessing = 0;
			shellPath = /bin/sh;
			shellScript = "diff \"${PODS_ROOT}/../Podfile.lock\" \"${PODS_ROOT}/Manifest.lock\" > /dev/null\nif [[ $? != 0 ]] ; then\n    cat << EOM\nerror: The sandbox is not in sync with the Podfile.lock. Run 'pod install' or update your CocoaPods installation.\nEOM\n    exit 1\nfi\n";
			showEnvVarsInLog = 0;
		};
		DA49C06341B595D887C81636 /* [CP] Embed Pods Frameworks */ = {
			isa = PBXShellScriptBuildPhase;
			buildActionMask = 2147483647;
			files = (
			);
			inputPaths = (
			);
			name = "[CP] Embed Pods Frameworks";
			outputPaths = (
			);
			runOnlyForDeploymentPostprocessing = 0;
			shellPath = /bin/sh;
			shellScript = "\"${SRCROOT}/Pods/Target Support Files/Pods-PokemonQuizEmAll/Pods-PokemonQuizEmAll-frameworks.sh\"\n";
			showEnvVarsInLog = 0;
		};
/* End PBXShellScriptBuildPhase section */

/* Begin PBXSourcesBuildPhase section */
		995976AE1D3CA16800E98204 /* Sources */ = {
			isa = PBXSourcesBuildPhase;
			buildActionMask = 2147483647;
			files = (
				995976B81D3CA16800E98204 /* ViewController.swift in Sources */,
				E8394AA71D3D19810094F4FC /* ColorGenarator.swift in Sources */,
				E8394A9F1D3D16920094F4FC /* DB.swift in Sources */,
				E8394A9B1D3D16920094F4FC /* ListPackViewController.swift in Sources */,
				E8394AAB1D3D19F00094F4FC /* BackFlashCardViewModel.swift in Sources */,
				E8394A971D3D16920094F4FC /* SwitchCell.swift in Sources */,
				E8394A991D3D16920094F4FC /* Setting.swift in Sources */,
				995976B61D3CA16800E98204 /* AppDelegate.swift in Sources */,
				995976CE1D3CC6FE00E98204 /* Pokemon.swift in Sources */,
				E8394AA21D3D16920094F4FC /* clvPackCell.swift in Sources */,
				E8394A9A1D3D16920094F4FC /* PackCard.swift in Sources */,
				E8394AAD1D3D2DA90094F4FC /* PlayViewController.swift in Sources */,
				E8394AA51D3D16920094F4FC /* ButtonCell.swift in Sources */,
				E8394A981D3D16920094F4FC /* SettingsViewController.swift in Sources */,
				E8394AA31D3D16920094F4FC /* Card.swift in Sources */,
				E8394A941D3D16920094F4FC /* UIColorExtension.swift in Sources */,
				E8394A9C1D3D16920094F4FC /* FrontFlashCardViewModel.swift in Sources */,
				E8394A9E1D3D16920094F4FC /* FlashCardViewController.swift in Sources */,
				E8394AA01D3D16920094F4FC /* Constant.swift in Sources */,
			);
			runOnlyForDeploymentPostprocessing = 0;
		};
/* End PBXSourcesBuildPhase section */

/* Begin PBXVariantGroup section */
		995976B91D3CA16800E98204 /* Main.storyboard */ = {
			isa = PBXVariantGroup;
			children = (
				995976BA1D3CA16800E98204 /* Base */,
			);
			name = Main.storyboard;
			sourceTree = "<group>";
		};
		995976BE1D3CA16800E98204 /* LaunchScreen.storyboard */ = {
			isa = PBXVariantGroup;
			children = (
				995976BF1D3CA16800E98204 /* Base */,
			);
			name = LaunchScreen.storyboard;
			sourceTree = "<group>";
		};
/* End PBXVariantGroup section */

/* Begin XCBuildConfiguration section */
		995976C21D3CA16800E98204 /* Debug */ = {
			isa = XCBuildConfiguration;
			buildSettings = {
				ALWAYS_SEARCH_USER_PATHS = NO;
				CLANG_ANALYZER_NONNULL = YES;
				CLANG_CXX_LANGUAGE_STANDARD = "gnu++0x";
				CLANG_CXX_LIBRARY = "libc++";
				CLANG_ENABLE_MODULES = YES;
				CLANG_ENABLE_OBJC_ARC = YES;
				CLANG_WARN_BOOL_CONVERSION = YES;
				CLANG_WARN_CONSTANT_CONVERSION = YES;
				CLANG_WARN_DIRECT_OBJC_ISA_USAGE = YES_ERROR;
				CLANG_WARN_EMPTY_BODY = YES;
				CLANG_WARN_ENUM_CONVERSION = YES;
				CLANG_WARN_INT_CONVERSION = YES;
				CLANG_WARN_OBJC_ROOT_CLASS = YES_ERROR;
				CLANG_WARN_UNREACHABLE_CODE = YES;
				CLANG_WARN__DUPLICATE_METHOD_MATCH = YES;
				"CODE_SIGN_IDENTITY[sdk=iphoneos*]" = "iPhone Developer";
				COPY_PHASE_STRIP = NO;
				DEBUG_INFORMATION_FORMAT = dwarf;
				ENABLE_STRICT_OBJC_MSGSEND = YES;
				ENABLE_TESTABILITY = YES;
				GCC_C_LANGUAGE_STANDARD = gnu99;
				GCC_DYNAMIC_NO_PIC = NO;
				GCC_NO_COMMON_BLOCKS = YES;
				GCC_OPTIMIZATION_LEVEL = 0;
				GCC_PREPROCESSOR_DEFINITIONS = (
					"DEBUG=1",
					"$(inherited)",
				);
				GCC_WARN_64_TO_32_BIT_CONVERSION = YES;
				GCC_WARN_ABOUT_RETURN_TYPE = YES_ERROR;
				GCC_WARN_UNDECLARED_SELECTOR = YES;
				GCC_WARN_UNINITIALIZED_AUTOS = YES_AGGRESSIVE;
				GCC_WARN_UNUSED_FUNCTION = YES;
				GCC_WARN_UNUSED_VARIABLE = YES;
				IPHONEOS_DEPLOYMENT_TARGET = 9.3;
				MTL_ENABLE_DEBUG_INFO = YES;
				ONLY_ACTIVE_ARCH = YES;
				SDKROOT = iphoneos;
				SWIFT_OPTIMIZATION_LEVEL = "-Onone";
				TARGETED_DEVICE_FAMILY = "1,2";
			};
			name = Debug;
		};
		995976C31D3CA16800E98204 /* Release */ = {
			isa = XCBuildConfiguration;
			buildSettings = {
				ALWAYS_SEARCH_USER_PATHS = NO;
				CLANG_ANALYZER_NONNULL = YES;
				CLANG_CXX_LANGUAGE_STANDARD = "gnu++0x";
				CLANG_CXX_LIBRARY = "libc++";
				CLANG_ENABLE_MODULES = YES;
				CLANG_ENABLE_OBJC_ARC = YES;
				CLANG_WARN_BOOL_CONVERSION = YES;
				CLANG_WARN_CONSTANT_CONVERSION = YES;
				CLANG_WARN_DIRECT_OBJC_ISA_USAGE = YES_ERROR;
				CLANG_WARN_EMPTY_BODY = YES;
				CLANG_WARN_ENUM_CONVERSION = YES;
				CLANG_WARN_INT_CONVERSION = YES;
				CLANG_WARN_OBJC_ROOT_CLASS = YES_ERROR;
				CLANG_WARN_UNREACHABLE_CODE = YES;
				CLANG_WARN__DUPLICATE_METHOD_MATCH = YES;
				"CODE_SIGN_IDENTITY[sdk=iphoneos*]" = "iPhone Developer";
				COPY_PHASE_STRIP = NO;
				DEBUG_INFORMATION_FORMAT = "dwarf-with-dsym";
				ENABLE_NS_ASSERTIONS = NO;
				ENABLE_STRICT_OBJC_MSGSEND = YES;
				GCC_C_LANGUAGE_STANDARD = gnu99;
				GCC_NO_COMMON_BLOCKS = YES;
				GCC_WARN_64_TO_32_BIT_CONVERSION = YES;
				GCC_WARN_ABOUT_RETURN_TYPE = YES_ERROR;
				GCC_WARN_UNDECLARED_SELECTOR = YES;
				GCC_WARN_UNINITIALIZED_AUTOS = YES_AGGRESSIVE;
				GCC_WARN_UNUSED_FUNCTION = YES;
				GCC_WARN_UNUSED_VARIABLE = YES;
				IPHONEOS_DEPLOYMENT_TARGET = 9.3;
				MTL_ENABLE_DEBUG_INFO = NO;
				SDKROOT = iphoneos;
				TARGETED_DEVICE_FAMILY = "1,2";
				VALIDATE_PRODUCT = YES;
			};
			name = Release;
		};
		995976C51D3CA16800E98204 /* Debug */ = {
			isa = XCBuildConfiguration;
			baseConfigurationReference = E85027D45EA22F49D462B4A3 /* Pods-PokemonQuizEmAll.debug.xcconfig */;
			buildSettings = {
				ASSETCATALOG_COMPILER_APPICON_NAME = AppIcon;
				INFOPLIST_FILE = PokemonQuizEmAll/Info.plist;
				LD_RUNPATH_SEARCH_PATHS = "$(inherited) @executable_path/Frameworks";
				PRODUCT_BUNDLE_IDENTIFIER = vu.PokemonQuizEmAll;
				PRODUCT_NAME = "$(TARGET_NAME)";
			};
			name = Debug;
		};
		995976C61D3CA16800E98204 /* Release */ = {
			isa = XCBuildConfiguration;
			baseConfigurationReference = 7D3054CE1283D06739E14123 /* Pods-PokemonQuizEmAll.release.xcconfig */;
			buildSettings = {
				ASSETCATALOG_COMPILER_APPICON_NAME = AppIcon;
				INFOPLIST_FILE = PokemonQuizEmAll/Info.plist;
				LD_RUNPATH_SEARCH_PATHS = "$(inherited) @executable_path/Frameworks";
				PRODUCT_BUNDLE_IDENTIFIER = vu.PokemonQuizEmAll;
				PRODUCT_NAME = "$(TARGET_NAME)";
			};
			name = Release;
		};
/* End XCBuildConfiguration section */

/* Begin XCConfigurationList section */
		995976AD1D3CA16800E98204 /* Build configuration list for PBXProject "PokemonQuizEmAll" */ = {
			isa = XCConfigurationList;
			buildConfigurations = (
				995976C21D3CA16800E98204 /* Debug */,
				995976C31D3CA16800E98204 /* Release */,
			);
			defaultConfigurationIsVisible = 0;
			defaultConfigurationName = Release;
		};
		995976C41D3CA16800E98204 /* Build configuration list for PBXNativeTarget "PokemonQuizEmAll" */ = {
			isa = XCConfigurationList;
			buildConfigurations = (
				995976C51D3CA16800E98204 /* Debug */,
				995976C61D3CA16800E98204 /* Release */,
			);
			defaultConfigurationIsVisible = 0;
			defaultConfigurationName = Release;
		};
/* End XCConfigurationList section */
	};
	rootObject = 995976AA1D3CA16800E98204 /* Project object */;
}
